<?xml version="1.0" encoding="utf-8"?>
<Project ToolsVersion="4.0" xmlns="http://schemas.microsoft.com/developer/msbuild/2003">
  <ItemGroup>
    <Filter Include="Source Files">
      <UniqueIdentifier>{4FC737F1-C7A5-4376-A066-2A32D752A2FF}</UniqueIdentifier>
      <Extensions>cpp;c;cc;cxx;c++;cppm;ixx;def;odl;idl;hpj;bat;asm;asmx</Extensions>
    </Filter>
    <Filter Include="Header Files">
      <UniqueIdentifier>{93995380-89BD-4b04-88EB-625FBE52EBFB}</UniqueIdentifier>
      <Extensions>h;hh;hpp;hxx;h++;hm;inl;inc;ipp;xsd</Extensions>
    </Filter>
    <Filter Include="Resource Files">
      <UniqueIdentifier>{67DA6AB6-F800-4c08-8B7A-83BB121AAD01}</UniqueIdentifier>
      <Extensions>rc;ico;cur;bmp;dlg;rc2;rct;bin;rgs;gif;jpg;jpeg;jpe;resx;tiff;tif;png;wav;mfcribbon-ms</Extensions>
    </Filter>
  </ItemGroup>
  <ItemGroup>
    <ClCompile Include="Rogue-Project.cpp">
      <Filter>Source Files</Filter>
    </ClCompile>
    <ClCompile Include="EnemyData.cpp">
      <Filter>Source Files</Filter>
    </ClCompile>
    <ClCompile Include="EnemyFactory.cpp">
      <Filter>Source Files</Filter>
    </ClCompile>
    <ClCompile Include="Combat.cpp">
      <Filter>Source Files</Filter>
    </ClCompile>
    <ClCompile Include="ItemData.cpp">
      <Filter>Source Files</Filter>
    </ClCompile>
    <ClCompile Include="WeaponData.cpp">
      <Filter>Source Files</Filter>
    </ClCompile>
    <ClCompile Include="MaterialData.cpp">
      <Filter>Source Files</Filter>
    </ClCompile>
    <ClCompile Include="Durability.cpp">
      <Filter>Source Files</Filter>
    </ClCompile>
    <ClCompile Include="CharacterGenerator.cpp">
      <Filter>Source Files</Filter>
    </ClCompile>
    <ClCompile Include="SkillData.cpp">
      <Filter>Source Files</Filter>
    </ClCompile>
    <ClCompile Include="FeatData.cpp">
      <Filter>Source Files</Filter>
    </ClCompile>
    <ClCompile Include="CharacterSheetState.cpp">
      <Filter>Source Files</Filter>
    </ClCompile>
    <ClCompile Include="RaceData.cpp">
      <Filter>Source Files</Filter>
    </ClCompile>
    <ClCompile Include="TitleScreen.cpp">
      <Filter>Source Files</Filter>
    </ClCompile>
    <ClCompile Include="AbilityData.cpp">
      <Filter>Source Files</Filter>
    </ClCompile>
    <ClCompile Include="AbilityHotbar.cpp">
      <Filter>Source Files</Filter>
    </ClCompile>
    <ClCompile Include="ArrowData.cpp">
      <Filter>Source Files</Filter>
    </ClCompile>
    <ClCompile Include="FactionData.cpp">
      <Filter>Source Files</Filter>
    </ClCompile>
    <ClCompile Include="FactionConflict.cpp">
      <Filter>Source Files</Filter>
    </ClCompile>
    <ClCompile Include="LineOfSight.cpp">
      <Filter>Source Files</Filter>
    </ClCompile>
    <ClCompile Include="VariantData.cpp">
      <Filter>Source Files</Filter>
    </ClCompile>
    <ClCompile Include="HotbarUI.cpp">
      <Filter>Source Files</Filter>
    </ClCompile>
    <ClCompile Include="MenuHubUI.cpp">
      <Filter>Source Files</Filter>
    </ClCompile>
    <ClCompile Include="TargetingUI.cpp">
      <Filter>Source Files</Filter>
    </ClCompile>
    <ClCompile Include="UIScale.cpp">
      <Filter>Source Files</Filter>
    </ClCompile>
    <ClCompile Include="SkillScaling.cpp">
      <Filter>Source Files</Filter>
    </ClCompile>
    <ClCompile Include="Weaponvisual.cpp">
      <Filter>Source Files</Filter>
    </ClCompile>
    <ClCompile Include="Behaviordata.cpp">
      <Filter>Source Files</Filter>
    </ClCompile>
    <ClCompile Include="Braindata.cpp">
      <Filter>Source Files</Filter>
    </ClCompile>
    <ClCompile Include="Enemybehavior.cpp">
      <Filter>Source Files</Filter>
    </ClCompile>
    <ClCompile Include="Navmesh.cpp">
      <Filter>Source Files</Filter>
    </ClCompile>
    <ClCompile Include="Squad.cpp">
      <Filter>Source Files</Filter>
    </ClCompile>
    <ClCompile Include="Alert.cpp">
      <Filter>Source Files</Filter>
    </ClCompile>
    <ClCompile Include="FloorModifierData.cpp">
      <Filter>Source Files</Filter>
    </ClCompile>
    <ClCompile Include="FloorPopulation.cpp">
      <Filter>Source Files</Filter>
    </ClCompile>
    <ClCompile Include="StashUI.cpp">
      <Filter>Source Files</Filter>
    </ClCompile>
    <ClCompile Include="StashData.cpp">
      <Filter>Source Files</Filter>
    </ClCompile>
    <ClCompile Include="ExpeditionData.cpp">
      <Filter>Source Files</Filter>
    </ClCompile>
    <ClCompile Include="SaveFile.cpp">
      <Filter>Source Files</Filter>
    </ClCompile>
    <ClCompile Include="MetaSave.cpp">
      <Filter>Source Files</Filter>
    </ClCompile>
    <ClCompile Include="RosterData.cpp">
      <Filter>Source Files</Filter>
    </ClCompile>
    <ClCompile Include="RosterUI.cpp">
      <Filter>Source Files</Filter>
    </ClCompile>
    <ClCompile Include="DungeonGen.cpp">
      <Filter>Source Files</Filter>
    </ClCompile>
    <ClCompile Include="LightingShader.cpp">
      <Filter>Source Files</Filter>
    </ClCompile>
    <ClCompile Include="PlayerAnimation.cpp">
      <Filter>Source Files</Filter>
    </ClCompile>
    <ClCompile Include="DungeonTiles.cpp">
      <Filter>Source Files</Filter>
    </ClCompile>
  </ItemGroup>
  <ItemGroup>
    <None Include="packages.config" />
  </ItemGroup>
  <ItemGroup>
    <ClInclude Include="DungeonData.h">
      <Filter>Header Files</Filter>
    </ClInclude>
    <ClInclude Include="Player.h">
      <Filter>Header Files</Filter>
    </ClInclude>
    <ClInclude Include="Enemy.h">
      <Filter>Header Files</Filter>
    </ClInclude>
    <ClInclude Include="EnemyData.h">
      <Filter>Header Files</Filter>
    </ClInclude>
    <ClInclude Include="Combat.h">
      <Filter>Header Files</Filter>
    </ClInclude>
    <ClInclude Include="ItemData.h">
      <Filter>Header Files</Filter>
    </ClInclude>
    <ClInclude Include="Item.h">
      <Filter>Header Files</Filter>
    </ClInclude>
    <ClInclude Include="WeaponData.h">
      <Filter>Header Files</Filter>
    </ClInclude>
    <ClInclude Include="MaterialData.h">
      <Filter>Header Files</Filter>
    </ClInclude>
    <ClInclude Include="Durability.h">
      <Filter>Header Files</Filter>
    </ClInclude>
    <ClInclude Include="EnemyFactory.h">
      <Filter>Header Files</Filter>
    </ClInclude>
    <ClInclude Include="CharacterGenerator.h">
      <Filter>Header Files</Filter>
    </ClInclude>
    <ClInclude Include="SkillData.h">
      <Filter>Header Files</Filter>
    </ClInclude>
    <ClInclude Include="FeatData.h">
      <Filter>Header Files</Filter>
    </ClInclude>
    <ClInclude Include="CharacterSheetState.h">
      <Filter>Header Files</Filter>
    </ClInclude>
    <ClInclude Include="RaceData.h">
      <Filter>Header Files</Filter>
    </ClInclude>
    <ClInclude Include="TitleScreen.h">
      <Filter>Header Files</Filter>
    </ClInclude>
    <ClInclude Include="AbilityData.h">
      <Filter>Header Files</Filter>
    </ClInclude>
    <ClInclude Include="AbilityHotbar.h">
      <Filter>Header Files</Filter>
    </ClInclude>
    <ClInclude Include="ArrowData.h">
      <Filter>Header Files</Filter>
    </ClInclude>
    <ClInclude Include="FactionData.h">
      <Filter>Header Files</Filter>
    </ClInclude>
    <ClInclude Include="LineOfSight.h">
      <Filter>Header Files</Filter>
    </ClInclude>
    <ClInclude Include="FactionConflict.h">
      <Filter>Header Files</Filter>
    </ClInclude>
    <ClInclude Include="VariantData.h">
      <Filter>Header Files</Filter>
    </ClInclude>
    <ClInclude Include="HotbarUI.h">
      <Filter>Header Files</Filter>
    </ClInclude>
    <ClInclude Include="MenuHubUI.h">
      <Filter>Header Files</Filter>
    </ClInclude>
    <ClInclude Include="TargetingUI.h">
      <Filter>Header Files</Filter>
    </ClInclude>
    <ClInclude Include="UIScale.h">
      <Filter>Header Files</Filter>
    </ClInclude>
    <ClInclude Include="SkillScaling.h">
      <Filter>Header Files</Filter>
    </ClInclude>
    <ClInclude Include="Weaponvisual.h">
      <Filter>Header Files</Filter>
    </ClInclude>
    <ClInclude Include="Behaviordata.h">
      <Filter>Header Files</Filter>
    </ClInclude>
    <ClInclude Include="Braindata.h">
      <Filter>Header Files</Filter>
    </ClInclude>
    <ClInclude Include="Enemybehavior.h">
      <Filter>Header Files</Filter>
    </ClInclude>
    <ClInclude Include="Navmesh.h">
      <Filter>Header Files</Filter>
    </ClInclude>
    <ClInclude Include="Squad.h">
      <Filter>Header Files</Filter>
    </ClInclude>
    <ClInclude Include="Alert.h">
      <Filter>Header Files</Filter>
    </ClInclude>
    <ClInclude Include="FloorModifierData.h">
      <Filter>Header Files</Filter>
    </ClInclude>
    <ClInclude Include="ExpeditionData.h">
      <Filter>Header Files</Filter>
    </ClInclude>
    <ClInclude Include="StashData.h">
      <Filter>Header Files</Filter>
    </ClInclude>
    <ClInclude Include="FloorPopulation.h">
      <Filter>Header Files</Filter>
    </ClInclude>
    <ClInclude Include="StashUI.h">
      <Filter>Header Files</Filter>
    </ClInclude>
    <ClInclude Include="SaveFile.h">
      <Filter>Header Files</Filter>
    </ClInclude>
    <ClInclude Include="MetaSave.h">
      <Filter>Header Files</Filter>
    </ClInclude>
    <ClInclude Include="RosterData.h">
      <Filter>Header Files</Filter>
    </ClInclude>
    <ClInclude Include="RosterUI.h">
      <Filter>Header Files</Filter>
    </ClInclude>
    <ClInclude Include="DungeonGen.h">
      <Filter>Header Files</Filter>
    </ClInclude>
    <ClInclude Include="LightingShader.h">
      <Filter>Header Files</Filter>
    </ClInclude>
    <ClInclude Include="PlayerAnimation.h">
      <Filter>Header Files</Filter>
    </ClInclude>
    <ClInclude Include="DungeonTiles.h">
      <Filter>Header Files</Filter>
    </ClInclude>
  </ItemGroup>
</Project>